
Microsoft Visual Studio Solution File, Format Version 12.00
# Visual Studio Version 17
VisualStudioVersion = 17.6.33829.357
MinimumVisualStudioVersion = 10.0.40219.1
Project("{9A19103F-16F7-4668-BE54-9A1E7A4F7556}") = "Anonymous_Topics", "Anonymous_Topics.csproj", "{D205888A-9009-4841-B40A-4005F4CF98B6}"
EndProject
Project("{9A19103F-16F7-4668-BE54-9A1E7A4F7556}") = "Anonymous_Topics.Test", "..\Anonymous_Topics.Test\Anonymous_Topics.Test.csproj", "{B8CF8853-2937-49EF-9096-3A6086AC9F63}"
EndProject
Global
	GlobalSection(SolutionConfigurationPlatforms) = preSolution
		Debug|Any CPU = Debug|Any CPU
		Release|Any CPU = Release|Any CPU
	EndGlobalSection
	GlobalSection(ProjectConfigurationPlatforms) = postSolution
		{D205888A-9009-4841-B40A-4005F4CF98B6}.Debug|Any CPU.ActiveCfg = Debug|Any CPU
		{D205888A-9009-4841-B40A-4005F4CF98B6}.Debug|Any CPU.Build.0 = Debug|Any CPU
		{D205888A-9009-4841-B40A-4005F4CF98B6}.Release|Any CPU.ActiveCfg = Release|Any CPU
		{D205888A-9009-4841-B40A-4005F4CF98B6}.Release|Any CPU.Build.0 = Release|Any CPU
		{B8CF8853-2937-49EF-9096-3A6086AC9F63}.Debug|Any CPU.ActiveCfg = Debug|Any CPU
		{B8CF8853-2937-49EF-9096-3A6086AC9F63}.Debug|Any CPU.Build.0 = Debug|Any CPU
		{B8CF8853-2937-49EF-9096-3A6086AC9F63}.Release|Any CPU.ActiveCfg = Release|Any CPU
		{B8CF8853-2937-49EF-9096-3A6086AC9F63}.Release|Any CPU.Build.0 = Release|Any CPU
	EndGlobalSection
	GlobalSection(SolutionProperties) = preSolution
		HideSolutionNode = FALSE
	EndGlobalSection
	GlobalSection(ExtensibilityGlobals) = postSolution
		SolutionGuid = {BAACAA7D-8DEE-435E-9E75-B5004A3940A3}
	EndGlobalSection
EndGlobal
